// !$*UTF8*$!
{
	archiveVersion = 1;
	classes = {
	};
	objectVersion = 56;
	objects = {

/* Begin PBXBuildFile section */
		4EB677312BE7C55F002A45A8 /* AppDelegate.swift in Sources */ = {isa = PBXBuildFile; fileRef = 4EB677302BE7C55F002A45A8 /* AppDelegate.swift */; };
		4EB677332BE7C55F002A45A8 /* SceneDelegate.swift in Sources */ = {isa = PBXBuildFile; fileRef = 4EB677322BE7C55F002A45A8 /* SceneDelegate.swift */; };
		4EB677352BE7C55F002A45A8 /* BirdListViewController.swift in Sources */ = {isa = PBXBuildFile; fileRef = 4EB677342BE7C55F002A45A8 /* BirdListViewController.swift */; };
		4EB6773A2BE7C562002A45A8 /* Assets.xcassets in Resources */ = {isa = PBXBuildFile; fileRef = 4EB677392BE7C562002A45A8 /* Assets.xcassets */; };
		4EB6773D2BE7C562002A45A8 /* LaunchScreen.storyboard in Resources */ = {isa = PBXBuildFile; fileRef = 4EB6773B2BE7C562002A45A8 /* LaunchScreen.storyboard */; };
		4EB677472BE7C659002A45A8 /* BirdListView.swift in Sources */ = {isa = PBXBuildFile; fileRef = 4EB677462BE7C659002A45A8 /* BirdListView.swift */; };
		4EB677492BE7C737002A45A8 /* BirdListCollectionViewDataSource.swift in Sources */ = {isa = PBXBuildFile; fileRef = 4EB677482BE7C737002A45A8 /* BirdListCollectionViewDataSource.swift */; };
		4EB6774B2BE7C771002A45A8 /* BirdCollectionViewCell.swift in Sources */ = {isa = PBXBuildFile; fileRef = 4EB6774A2BE7C771002A45A8 /* BirdCollectionViewCell.swift */; };
		4EB6774E2BE7C861002A45A8 /* Bird.swift in Sources */ = {isa = PBXBuildFile; fileRef = 4EB6774D2BE7C861002A45A8 /* Bird.swift */; };
		4EB677512BE7C95D002A45A8 /* BirdSampleStrings.swift in Sources */ = {isa = PBXBuildFile; fileRef = 4EB677502BE7C95D002A45A8 /* BirdSampleStrings.swift */; };
		4EB677542BE7D1E6002A45A8 /* BirdDetailViewController.swift in Sources */ = {isa = PBXBuildFile; fileRef = 4EB677532BE7D1E6002A45A8 /* BirdDetailViewController.swift */; };
		4EB677572BE7D250002A45A8 /* BirdDetailView.swift in Sources */ = {isa = PBXBuildFile; fileRef = 4EB677562BE7D250002A45A8 /* BirdDetailView.swift */; };
		4EB677592BE7D2B9002A45A8 /* BirdImageCell.swift in Sources */ = {isa = PBXBuildFile; fileRef = 4EB677582BE7D2B9002A45A8 /* BirdImageCell.swift */; };
		4EB6775B2BE7D2F4002A45A8 /* BirdInfoCell.swift in Sources */ = {isa = PBXBuildFile; fileRef = 4EB6775A2BE7D2F4002A45A8 /* BirdInfoCell.swift */; };
		4EB6775E2BE7D396002A45A8 /* BirdDetailCollectionDataSource.swift in Sources */ = {isa = PBXBuildFile; fileRef = 4EB6775D2BE7D396002A45A8 /* BirdDetailCollectionDataSource.swift */; };
		4EB677602BE7DBCB002A45A8 /* ConservationStatusViewController.swift in Sources */ = {isa = PBXBuildFile; fileRef = 4EB6775F2BE7DBCB002A45A8 /* ConservationStatusViewController.swift */; };
		4EB677622BE7DBF9002A45A8 /* ConservationStatusView.swift in Sources */ = {isa = PBXBuildFile; fileRef = 4EB677612BE7DBF9002A45A8 /* ConservationStatusView.swift */; };
		4EB677652BE7DCB4002A45A8 /* Layout.swift in Sources */ = {isa = PBXBuildFile; fileRef = 4EB677642BE7DCB4002A45A8 /* Layout.swift */; };
/* End PBXBuildFile section */

/* Begin PBXFileReference section */
		4EB6772D2BE7C55F002A45A8 /* CollectionApp.app */ = {isa = PBXFileReference; explicitFileType = wrapper.application; includeInIndex = 0; path = CollectionApp.app; sourceTree = BUILT_PRODUCTS_DIR; };
		4EB677302BE7C55F002A45A8 /* AppDelegate.swift */ = {isa = PBXFileReference; lastKnownFileType = sourcecode.swift; path = AppDelegate.swift; sourceTree = "<group>"; };
		4EB677322BE7C55F002A45A8 /* SceneDelegate.swift */ = {isa = PBXFileReference; lastKnownFileType = sourcecode.swift; path = SceneDelegate.swift; sourceTree = "<group>"; };
		4EB677342BE7C55F002A45A8 /* BirdListViewController.swift */ = {isa = PBXFileReference; lastKnownFileType = sourcecode.swift; path = BirdListViewController.swift; sourceTree = "<group>"; };
		4EB677392BE7C562002A45A8 /* Assets.xcassets */ = {isa = PBXFileReference; lastKnownFileType = folder.assetcatalog; path = Assets.xcassets; sourceTree = "<group>"; };
		4EB6773C2BE7C562002A45A8 /* Base */ = {isa = PBXFileReference; lastKnownFileType = file.storyboard; name = Base; path = Base.lproj/LaunchScreen.storyboard; sourceTree = "<group>"; };
		4EB6773E2BE7C562002A45A8 /* Info.plist */ = {isa = PBXFileReference; lastKnownFileType = text.plist.xml; path = Info.plist; sourceTree = "<group>"; };
		4EB677462BE7C659002A45A8 /* BirdListView.swift */ = {isa = PBXFileReference; lastKnownFileType = sourcecode.swift; path = BirdListView.swift; sourceTree = "<group>"; };
		4EB677482BE7C737002A45A8 /* BirdListCollectionViewDataSource.swift */ = {isa = PBXFileReference; lastKnownFileType = sourcecode.swift; path = BirdListCollectionViewDataSource.swift; sourceTree = "<group>"; };
		4EB6774A2BE7C771002A45A8 /* BirdCollectionViewCell.swift */ = {isa = PBXFileReference; lastKnownFileType = sourcecode.swift; path = BirdCollectionViewCell.swift; sourceTree = "<group>"; };
		4EB6774D2BE7C861002A45A8 /* Bird.swift */ = {isa = PBXFileReference; lastKnownFileType = sourcecode.swift; path = Bird.swift; sourceTree = "<group>"; };
		4EB677502BE7C95D002A45A8 /* BirdSampleStrings.swift */ = {isa = PBXFileReference; lastKnownFileType = sourcecode.swift; path = BirdSampleStrings.swift; sourceTree = "<group>"; };
		4EB677532BE7D1E6002A45A8 /* BirdDetailViewController.swift */ = {isa = PBXFileReference; lastKnownFileType = sourcecode.swift; path = BirdDetailViewController.swift; sourceTree = "<group>"; };
		4EB677562BE7D250002A45A8 /* BirdDetailView.swift */ = {isa = PBXFileReference; lastKnownFileType = sourcecode.swift; path = BirdDetailView.swift; sourceTree = "<group>"; };
		4EB677582BE7D2B9002A45A8 /* BirdImageCell.swift */ = {isa = PBXFileReference; lastKnownFileType = sourcecode.swift; path = BirdImageCell.swift; sourceTree = "<group>"; };
		4EB6775A2BE7D2F4002A45A8 /* BirdInfoCell.swift */ = {isa = PBXFileReference; lastKnownFileType = sourcecode.swift; path = BirdInfoCell.swift; sourceTree = "<group>"; };
		4EB6775D2BE7D396002A45A8 /* BirdDetailCollectionDataSource.swift */ = {isa = PBXFileReference; lastKnownFileType = sourcecode.swift; path = BirdDetailCollectionDataSource.swift; sourceTree = "<group>"; };
		4EB6775F2BE7DBCB002A45A8 /* ConservationStatusViewController.swift */ = {isa = PBXFileReference; lastKnownFileType = sourcecode.swift; path = ConservationStatusViewController.swift; sourceTree = "<group>"; };
		4EB677612BE7DBF9002A45A8 /* ConservationStatusView.swift */ = {isa = PBXFileReference; lastKnownFileType = sourcecode.swift; path = ConservationStatusView.swift; sourceTree = "<group>"; };
		4EB677642BE7DCB4002A45A8 /* Layout.swift */ = {isa = PBXFileReference; lastKnownFileType = sourcecode.swift; path = Layout.swift; sourceTree = "<group>"; };
/* End PBXFileReference section */

/* Begin PBXFrameworksBuildPhase section */
		4EB6772A2BE7C55F002A45A8 /* Frameworks */ = {
			isa = PBXFrameworksBuildPhase;
			buildActionMask = 2147483647;
			files = (
			);
			runOnlyForDeploymentPostprocessing = 0;
		};
/* End PBXFrameworksBuildPhase section */

/* Begin PBXGroup section */
		4EB677242BE7C55F002A45A8 = {
			isa = PBXGroup;
			children = (
				4EB6772F2BE7C55F002A45A8 /* CollectionApp */,
				4EB6772E2BE7C55F002A45A8 /* Products */,
			);
			sourceTree = "<group>";
		};
		4EB6772E2BE7C55F002A45A8 /* Products */ = {
			isa = PBXGroup;
			children = (
				4EB6772D2BE7C55F002A45A8 /* CollectionApp.app */,
			);
			name = Products;
			sourceTree = "<group>";
		};
		4EB6772F2BE7C55F002A45A8 /* CollectionApp */ = {
			isa = PBXGroup;
			children = (
				4EB677442BE7C5D5002A45A8 /* App */,
				4EB677452BE7C5DC002A45A8 /* BirdListModule */,
				4EB677552BE7D1EB002A45A8 /* BirdDetailModule */,
				4EB677632BE7DC17002A45A8 /* ConservationStatusModule */,
				4EB6774F2BE7C8BF002A45A8 /* Model */,
				4EB677522BE7C985002A45A8 /* Helpers */,
				4EB677392BE7C562002A45A8 /* Assets.xcassets */,
				4EB6773B2BE7C562002A45A8 /* LaunchScreen.storyboard */,
				4EB6773E2BE7C562002A45A8 /* Info.plist */,
			);
			path = CollectionApp;
			sourceTree = "<group>";
		};
		4EB677442BE7C5D5002A45A8 /* App */ = {
			isa = PBXGroup;
			children = (
				4EB677302BE7C55F002A45A8 /* AppDelegate.swift */,
				4EB677322BE7C55F002A45A8 /* SceneDelegate.swift */,
			);
			path = App;
			sourceTree = "<group>";
		};
		4EB677452BE7C5DC002A45A8 /* BirdListModule */ = {
			isa = PBXGroup;
			children = (
				4EB677342BE7C55F002A45A8 /* BirdListViewController.swift */,
				4EB677462BE7C659002A45A8 /* BirdListView.swift */,
				4EB677482BE7C737002A45A8 /* BirdListCollectionViewDataSource.swift */,
				4EB6774C2BE7C819002A45A8 /* Cell */,
			);
			path = BirdListModule;
			sourceTree = "<group>";
		};
		4EB6774C2BE7C819002A45A8 /* Cell */ = {
			isa = PBXGroup;
			children = (
				4EB6774A2BE7C771002A45A8 /* BirdCollectionViewCell.swift */,
			);
			path = Cell;
			sourceTree = "<group>";
		};
		4EB6774F2BE7C8BF002A45A8 /* Model */ = {
			isa = PBXGroup;
			children = (
				4EB6774D2BE7C861002A45A8 /* Bird.swift */,
			);
			path = Model;
			sourceTree = "<group>";
		};
		4EB677522BE7C985002A45A8 /* Helpers */ = {
			isa = PBXGroup;
			children = (
				4EB677502BE7C95D002A45A8 /* BirdSampleStrings.swift */,
				4EB677642BE7DCB4002A45A8 /* Layout.swift */,
			);
			path = Helpers;
			sourceTree = "<group>";
		};
		4EB677552BE7D1EB002A45A8 /* BirdDetailModule */ = {
			isa = PBXGroup;
			children = (
				4EB677532BE7D1E6002A45A8 /* BirdDetailViewController.swift */,
				4EB677562BE7D250002A45A8 /* BirdDetailView.swift */,
				4EB6775D2BE7D396002A45A8 /* BirdDetailCollectionDataSource.swift */,
				4EB6775C2BE7D371002A45A8 /* Cells */,
			);
			path = BirdDetailModule;
			sourceTree = "<group>";
		};
		4EB6775C2BE7D371002A45A8 /* Cells */ = {
			isa = PBXGroup;
			children = (
				4EB677582BE7D2B9002A45A8 /* BirdImageCell.swift */,
				4EB6775A2BE7D2F4002A45A8 /* BirdInfoCell.swift */,
			);
			path = Cells;
			sourceTree = "<group>";
		};
		4EB677632BE7DC17002A45A8 /* ConservationStatusModule */ = {
			isa = PBXGroup;
			children = (
				4EB6775F2BE7DBCB002A45A8 /* ConservationStatusViewController.swift */,
				4EB677612BE7DBF9002A45A8 /* ConservationStatusView.swift */,
			);
			path = ConservationStatusModule;
			sourceTree = "<group>";
		};
/* End PBXGroup section */

/* Begin PBXNativeTarget section */
		4EB6772C2BE7C55F002A45A8 /* CollectionApp */ = {
			isa = PBXNativeTarget;
			buildConfigurationList = 4EB677412BE7C562002A45A8 /* Build configuration list for PBXNativeTarget "CollectionApp" */;
			buildPhases = (
				4EB677292BE7C55F002A45A8 /* Sources */,
				4EB6772A2BE7C55F002A45A8 /* Frameworks */,
				4EB6772B2BE7C55F002A45A8 /* Resources */,
			);
			buildRules = (
			);
			dependencies = (
			);
			name = CollectionApp;
			productName = CollectionApp;
			productReference = 4EB6772D2BE7C55F002A45A8 /* CollectionApp.app */;
			productType = "com.apple.product-type.application";
		};
/* End PBXNativeTarget section */

/* Begin PBXProject section */
		4EB677252BE7C55F002A45A8 /* Project object */ = {
			isa = PBXProject;
			attributes = {
				BuildIndependentTargetsInParallel = 1;
				LastSwiftUpdateCheck = 1500;
				LastUpgradeCheck = 1500;
				TargetAttributes = {
					4EB6772C2BE7C55F002A45A8 = {
						CreatedOnToolsVersion = 15.0;
					};
				};
			};
			buildConfigurationList = 4EB677282BE7C55F002A45A8 /* Build configuration list for PBXProject "CollectionApp" */;
			compatibilityVersion = "Xcode 14.0";
			developmentRegion = en;
			hasScannedForEncodings = 0;
			knownRegions = (
				en,
				Base,
			);
			mainGroup = 4EB677242BE7C55F002A45A8;
			productRefGroup = 4EB6772E2BE7C55F002A45A8 /* Products */;
			projectDirPath = "";
			projectRoot = "";
			targets = (
				4EB6772C2BE7C55F002A45A8 /* CollectionApp */,
			);
		};
/* End PBXProject section */

/* Begin PBXResourcesBuildPhase section */
		4EB6772B2BE7C55F002A45A8 /* Resources */ = {
			isa = PBXResourcesBuildPhase;
			buildActionMask = 2147483647;
			files = (
				4EB6773D2BE7C562002A45A8 /* LaunchScreen.storyboard in Resources */,
				4EB6773A2BE7C562002A45A8 /* Assets.xcassets in Resources */,
			);
			runOnlyForDeploymentPostprocessing = 0;
		};
/* End PBXResourcesBuildPhase section */

/* Begin PBXSourcesBuildPhase section */
		4EB677292BE7C55F002A45A8 /* Sources */ = {
			isa = PBXSourcesBuildPhase;
			buildActionMask = 2147483647;
			files = (
				4EB677622BE7DBF9002A45A8 /* ConservationStatusView.swift in Sources */,
				4EB677352BE7C55F002A45A8 /* BirdListViewController.swift in Sources */,
				4EB677512BE7C95D002A45A8 /* BirdSampleStrings.swift in Sources */,
				4EB6775B2BE7D2F4002A45A8 /* BirdInfoCell.swift in Sources */,
				4EB6774E2BE7C861002A45A8 /* Bird.swift in Sources */,
				4EB677652BE7DCB4002A45A8 /* Layout.swift in Sources */,
				4EB677472BE7C659002A45A8 /* BirdListView.swift in Sources */,
				4EB6775E2BE7D396002A45A8 /* BirdDetailCollectionDataSource.swift in Sources */,
				4EB677312BE7C55F002A45A8 /* AppDelegate.swift in Sources */,
				4EB677592BE7D2B9002A45A8 /* BirdImageCell.swift in Sources */,
				4EB677332BE7C55F002A45A8 /* SceneDelegate.swift in Sources */,
				4EB677542BE7D1E6002A45A8 /* BirdDetailViewController.swift in Sources */,
				4EB677492BE7C737002A45A8 /* BirdListCollectionViewDataSource.swift in Sources */,
				4EB677572BE7D250002A45A8 /* BirdDetailView.swift in Sources */,
				4EB6774B2BE7C771002A45A8 /* BirdCollectionViewCell.swift in Sources */,
				4EB677602BE7DBCB002A45A8 /* ConservationStatusViewController.swift in Sources */,
			);
			runOnlyForDeploymentPostprocessing = 0;
		};
/* End PBXSourcesBuildPhase section */

/* Begin PBXVariantGroup section */
		4EB6773B2BE7C562002A45A8 /* LaunchScreen.storyboard */ = {
			isa = PBXVariantGroup;
			children = (
				4EB6773C2BE7C562002A45A8 /* Base */,
			);
			name = LaunchScreen.storyboard;
			sourceTree = "<group>";
		};
/* End PBXVariantGroup section */

/* Begin XCBuildConfiguration section */
		4EB6773F2BE7C562002A45A8 /* Debug */ = {
			isa = XCBuildConfiguration;
			buildSettings = {
				ALWAYS_SEARCH_USER_PATHS = NO;
				ASSETCATALOG_COMPILER_GENERATE_SWIFT_ASSET_SYMBOL_EXTENSIONS = YES;
				CLANG_ANALYZER_NONNULL = YES;
				CLANG_ANALYZER_NUMBER_OBJECT_CONVERSION = YES_AGGRESSIVE;
				CLANG_CXX_LANGUAGE_STANDARD = "gnu++20";
				CLANG_ENABLE_MODULES = YES;
				CLANG_ENABLE_OBJC_ARC = YES;
				CLANG_ENABLE_OBJC_WEAK = YES;
				CLANG_WARN_BLOCK_CAPTURE_AUTORELEASING = YES;
				CLANG_WARN_BOOL_CONVERSION = YES;
				CLANG_WARN_COMMA = YES;
				CLANG_WARN_CONSTANT_CONVERSION = YES;
				CLANG_WARN_DEPRECATED_OBJC_IMPLEMENTATIONS = YES;
				CLANG_WARN_DIRECT_OBJC_ISA_USAGE = YES_ERROR;
				CLANG_WARN_DOCUMENTATION_COMMENTS = YES;
				CLANG_WARN_EMPTY_BODY = YES;
				CLANG_WARN_ENUM_CONVERSION = YES;
				CLANG_WARN_INFINITE_RECURSION = YES;
				CLANG_WARN_INT_CONVERSION = YES;
				CLANG_WARN_NON_LITERAL_NULL_CONVERSION = YES;
				CLANG_WARN_OBJC_IMPLICIT_RETAIN_SELF = YES;
				CLANG_WARN_OBJC_LITERAL_CONVERSION = YES;
				CLANG_WARN_OBJC_ROOT_CLASS = YES_ERROR;
				CLANG_WARN_QUOTED_INCLUDE_IN_FRAMEWORK_HEADER = YES;
				CLANG_WARN_RANGE_LOOP_ANALYSIS = YES;
				CLANG_WARN_STRICT_PROTOTYPES = YES;
				CLANG_WARN_SUSPICIOUS_MOVE = YES;
				CLANG_WARN_UNGUARDED_AVAILABILITY = YES_AGGRESSIVE;
				CLANG_WARN_UNREACHABLE_CODE = YES;
				CLANG_WARN__DUPLICATE_METHOD_MATCH = YES;
				COPY_PHASE_STRIP = NO;
				DEBUG_INFORMATION_FORMAT = dwarf;
				ENABLE_STRICT_OBJC_MSGSEND = YES;
				ENABLE_TESTABILITY = YES;
				ENABLE_USER_SCRIPT_SANDBOXING = YES;
				GCC_C_LANGUAGE_STANDARD = gnu17;
				GCC_DYNAMIC_NO_PIC = NO;
				GCC_NO_COMMON_BLOCKS = YES;
				GCC_OPTIMIZATION_LEVEL = 0;
				GCC_PREPROCESSOR_DEFINITIONS = (
					"DEBUG=1",
					"$(inherited)",
				);
				GCC_WARN_64_TO_32_BIT_CONVERSION = YES;
				GCC_WARN_ABOUT_RETURN_TYPE = YES_ERROR;
				GCC_WARN_UNDECLARED_SELECTOR = YES;
				GCC_WARN_UNINITIALIZED_AUTOS = YES_AGGRESSIVE;
				GCC_WARN_UNUSED_FUNCTION = YES;
				GCC_WARN_UNUSED_VARIABLE = YES;
				IPHONEOS_DEPLOYMENT_TARGET = 17.0;
				LOCALIZATION_PREFERS_STRING_CATALOGS = YES;
				MTL_ENABLE_DEBUG_INFO = INCLUDE_SOURCE;
				MTL_FAST_MATH = YES;
				ONLY_ACTIVE_ARCH = YES;
				SDKROOT = iphoneos;
				SWIFT_ACTIVE_COMPILATION_CONDITIONS = "DEBUG $(inherited)";
				SWIFT_OPTIMIZATION_LEVEL = "-Onone";
			};
			name = Debug;
		};
		4EB677402BE7C562002A45A8 /* Release */ = {
			isa = XCBuildConfiguration;
			buildSettings = {
				ALWAYS_SEARCH_USER_PATHS = NO;
				ASSETCATALOG_COMPILER_GENERATE_SWIFT_ASSET_SYMBOL_EXTENSIONS = YES;
				CLANG_ANALYZER_NONNULL = YES;
				CLANG_ANALYZER_NUMBER_OBJECT_CONVERSION = YES_AGGRESSIVE;
				CLANG_CXX_LANGUAGE_STANDARD = "gnu++20";
				CLANG_ENABLE_MODULES = YES;
				CLANG_ENABLE_OBJC_ARC = YES;
				CLANG_ENABLE_OBJC_WEAK = YES;
				CLANG_WARN_BLOCK_CAPTURE_AUTORELEASING = YES;
				CLANG_WARN_BOOL_CONVERSION = YES;
				CLANG_WARN_COMMA = YES;
				CLANG_WARN_CONSTANT_CONVERSION = YES;
				CLANG_WARN_DEPRECATED_OBJC_IMPLEMENTATIONS = YES;
				CLANG_WARN_DIRECT_OBJC_ISA_USAGE = YES_ERROR;
				CLANG_WARN_DOCUMENTATION_COMMENTS = YES;
				CLANG_WARN_EMPTY_BODY = YES;
				CLANG_WARN_ENUM_CONVERSION = YES;
				CLANG_WARN_INFINITE_RECURSION = YES;
				CLANG_WARN_INT_CONVERSION = YES;
				CLANG_WARN_NON_LITERAL_NULL_CONVERSION = YES;
				CLANG_WARN_OBJC_IMPLICIT_RETAIN_SELF = YES;
				CLANG_WARN_OBJC_LITERAL_CONVERSION = YES;
				CLANG_WARN_OBJC_ROOT_CLASS = YES_ERROR;
				CLANG_WARN_QUOTED_INCLUDE_IN_FRAMEWORK_HEADER = YES;
				CLANG_WARN_RANGE_LOOP_ANALYSIS = YES;
				CLANG_WARN_STRICT_PROTOTYPES = YES;
				CLANG_WARN_SUSPICIOUS_MOVE = YES;
				CLANG_WARN_UNGUARDED_AVAILABILITY = YES_AGGRESSIVE;
				CLANG_WARN_UNREACHABLE_CODE = YES;
				CLANG_WARN__DUPLICATE_METHOD_MATCH = YES;
				COPY_PHASE_STRIP = NO;
				DEBUG_INFORMATION_FORMAT = "dwarf-with-dsym";
				ENABLE_NS_ASSERTIONS = NO;
				ENABLE_STRICT_OBJC_MSGSEND = YES;
				ENABLE_USER_SCRIPT_SANDBOXING = YES;
				GCC_C_LANGUAGE_STANDARD = gnu17;
				GCC_NO_COMMON_BLOCKS = YES;
				GCC_WARN_64_TO_32_BIT_CONVERSION = YES;
				GCC_WARN_ABOUT_RETURN_TYPE = YES_ERROR;
				GCC_WARN_UNDECLARED_SELECTOR = YES;
				GCC_WARN_UNINITIALIZED_AUTOS = YES_AGGRESSIVE;
				GCC_WARN_UNUSED_FUNCTION = YES;
				GCC_WARN_UNUSED_VARIABLE = YES;
				IPHONEOS_DEPLOYMENT_TARGET = 17.0;
				LOCALIZATION_PREFERS_STRING_CATALOGS = YES;
				MTL_ENABLE_DEBUG_INFO = NO;
				MTL_FAST_MATH = YES;
				SDKROOT = iphoneos;
				SWIFT_COMPILATION_MODE = wholemodule;
				VALIDATE_PRODUCT = YES;
			};
			name = Release;
		};
		4EB677422BE7C562002A45A8 /* Debug */ = {
			isa = XCBuildConfiguration;
			buildSettings = {
				ASSETCATALOG_COMPILER_APPICON_NAME = AppIcon;
				ASSETCATALOG_COMPILER_GLOBAL_ACCENT_COLOR_NAME = AccentColor;
				CODE_SIGN_STYLE = Automatic;
				CURRENT_PROJECT_VERSION = 1;
				DEVELOPMENT_TEAM = KA9UYNJBGG;
				GENERATE_INFOPLIST_FILE = YES;
				INFOPLIST_FILE = CollectionApp/Info.plist;
				INFOPLIST_KEY_UIApplicationSupportsIndirectInputEvents = YES;
				INFOPLIST_KEY_UILaunchStoryboardName = LaunchScreen;
				INFOPLIST_KEY_UISupportedInterfaceOrientations = "UIInterfaceOrientationLandscapeLeft UIInterfaceOrientationLandscapeRight UIInterfaceOrientationPortrait";
				INFOPLIST_KEY_UISupportedInterfaceOrientations_iPad = UIInterfaceOrientationPortrait;
				IPHONEOS_DEPLOYMENT_TARGET = 15.0;
				LD_RUNPATH_SEARCH_PATHS = (
					"$(inherited)",
					"@executable_path/Frameworks",
				);
				MARKETING_VERSION = 1.0;
				PRODUCT_BUNDLE_IDENTIFIER = com.hw4.CollectionApp;
				PRODUCT_NAME = "$(TARGET_NAME)";
				SWIFT_EMIT_LOC_STRINGS = YES;
				SWIFT_VERSION = 5.0;
				TARGETED_DEVICE_FAMILY = "1,2";
			};
			name = Debug;
		};
		4EB677432BE7C562002A45A8 /* Release */ = {
			isa = XCBuildConfiguration;
			buildSettings = {
				ASSETCATALOG_COMPILER_APPICON_NAME = AppIcon;
				ASSETCATALOG_COMPILER_GLOBAL_ACCENT_COLOR_NAME = AccentColor;
				CODE_SIGN_STYLE = Automatic;
				CURRENT_PROJECT_VERSION = 1;
				DEVELOPMENT_TEAM = KA9UYNJBGG;
				GENERATE_INFOPLIST_FILE = YES;
				INFOPLIST_FILE = CollectionApp/Info.plist;
				INFOPLIST_KEY_UIApplicationSupportsIndirectInputEvents = YES;
				INFOPLIST_KEY_UILaunchStoryboardName = LaunchScreen;
				INFOPLIST_KEY_UISupportedInterfaceOrientations = "UIInterfaceOrientationLandscapeLeft UIInterfaceOrientationLandscapeRight UIInterfaceOrientationPortrait";
				INFOPLIST_KEY_UISupportedInterfaceOrientations_iPad = UIInterfaceOrientationPortrait;
				IPHONEOS_DEPLOYMENT_TARGET = 15.0;
				LD_RUNPATH_SEARCH_PATHS = (
					"$(inherited)",
					"@executable_path/Frameworks",
				);
				MARKETING_VERSION = 1.0;
				PRODUCT_BUNDLE_IDENTIFIER = com.hw4.CollectionApp;
				PRODUCT_NAME = "$(TARGET_NAME)";
				SWIFT_EMIT_LOC_STRINGS = YES;
				SWIFT_VERSION = 5.0;
				TARGETED_DEVICE_FAMILY = "1,2";
			};
			name = Release;
		};
/* End XCBuildConfiguration section */

/* Begin XCConfigurationList section */
		4EB677282BE7C55F002A45A8 /* Build configuration list for PBXProject "CollectionApp" */ = {
			isa = XCConfigurationList;
			buildConfigurations = (
				4EB6773F2BE7C562002A45A8 /* Debug */,
				4EB677402BE7C562002A45A8 /* Release */,
			);
			defaultConfigurationIsVisible = 0;
			defaultConfigurationName = Release;
		};
		4EB677412BE7C562002A45A8 /* Build configuration list for PBXNativeTarget "CollectionApp" */ = {
			isa = XCConfigurationList;
			buildConfigurations = (
				4EB677422BE7C562002A45A8 /* Debug */,
				4EB677432BE7C562002A45A8 /* Release */,
			);
			defaultConfigurationIsVisible = 0;
			defaultConfigurationName = Release;
		};
/* End XCConfigurationList section */
	};
	rootObject = 4EB677252BE7C55F002A45A8 /* Project object */;
}
