// !$*UTF8*$!
{
	archiveVersion = 1;
	classes = {
	};
	objectVersion = 56;
	objects = {

/* Begin PBXBuildFile section */
		4E758B302BDF95FD00E10CD3 /* Layout.swift in Sources */ = {isa = PBXBuildFile; fileRef = 4E758B2F2BDF95FD00E10CD3 /* Layout.swift */; };
		4EF57CBC2BDF631500FF18A9 /* AppDelegate.swift in Sources */ = {isa = PBXBuildFile; fileRef = 4EF57CBB2BDF631500FF18A9 /* AppDelegate.swift */; };
		4EF57CBE2BDF631500FF18A9 /* SceneDelegate.swift in Sources */ = {isa = PBXBuildFile; fileRef = 4EF57CBD2BDF631500FF18A9 /* SceneDelegate.swift */; };
		4EF57CC32BDF631500FF18A9 /* Main.storyboard in Resources */ = {isa = PBXBuildFile; fileRef = 4EF57CC12BDF631500FF18A9 /* Main.storyboard */; };
		4EF57CC52BDF631900FF18A9 /* Assets.xcassets in Resources */ = {isa = PBXBuildFile; fileRef = 4EF57CC42BDF631900FF18A9 /* Assets.xcassets */; };
		4EF57CC82BDF631900FF18A9 /* LaunchScreen.storyboard in Resources */ = {isa = PBXBuildFile; fileRef = 4EF57CC62BDF631900FF18A9 /* LaunchScreen.storyboard */; };
		4EF57CD02BDF63F900FF18A9 /* TabBarViewController.swift in Sources */ = {isa = PBXBuildFile; fileRef = 4EF57CCF2BDF63F900FF18A9 /* TabBarViewController.swift */; };
		4EF57CD22BDF645100FF18A9 /* BioViewController.swift in Sources */ = {isa = PBXBuildFile; fileRef = 4EF57CD12BDF645100FF18A9 /* BioViewController.swift */; };
		4EF57CD52BDF648C00FF18A9 /* TechSkillsViewController.swift in Sources */ = {isa = PBXBuildFile; fileRef = 4EF57CD42BDF648C00FF18A9 /* TechSkillsViewController.swift */; };
		4EF57CD72BDF64A100FF18A9 /* TechSkillsView.swift in Sources */ = {isa = PBXBuildFile; fileRef = 4EF57CD62BDF64A100FF18A9 /* TechSkillsView.swift */; };
		4EF57CDA2BDF64DF00FF18A9 /* TechSkill.swift in Sources */ = {isa = PBXBuildFile; fileRef = 4EF57CD92BDF64DF00FF18A9 /* TechSkill.swift */; };
		4EF57CDC2BDF64F400FF18A9 /* SelfPresentationStrings.swift in Sources */ = {isa = PBXBuildFile; fileRef = 4EF57CDB2BDF64F400FF18A9 /* SelfPresentationStrings.swift */; };
		4EF57CDE2BDF655C00FF18A9 /* HobbyViewController.swift in Sources */ = {isa = PBXBuildFile; fileRef = 4EF57CDD2BDF655C00FF18A9 /* HobbyViewController.swift */; };
		4EF57CE02BDF657A00FF18A9 /* HobbyView.swift in Sources */ = {isa = PBXBuildFile; fileRef = 4EF57CDF2BDF657A00FF18A9 /* HobbyView.swift */; };
		4EF57CE22BDF659500FF18A9 /* HobbySingleView.swift in Sources */ = {isa = PBXBuildFile; fileRef = 4EF57CE12BDF659500FF18A9 /* HobbySingleView.swift */; };
		4EF57CE42BDF65A900FF18A9 /* Hobby.swift in Sources */ = {isa = PBXBuildFile; fileRef = 4EF57CE32BDF65A900FF18A9 /* Hobby.swift */; };
		4EF57CE72BDF65F800FF18A9 /* Bio.swift in Sources */ = {isa = PBXBuildFile; fileRef = 4EF57CE62BDF65F800FF18A9 /* Bio.swift */; };
/* End PBXBuildFile section */

/* Begin PBXFileReference section */
		4E758B2F2BDF95FD00E10CD3 /* Layout.swift */ = {isa = PBXFileReference; lastKnownFileType = sourcecode.swift; path = Layout.swift; sourceTree = "<group>"; };
		4EF57CB82BDF631500FF18A9 /* hw3.app */ = {isa = PBXFileReference; explicitFileType = wrapper.application; includeInIndex = 0; path = hw3.app; sourceTree = BUILT_PRODUCTS_DIR; };
		4EF57CBB2BDF631500FF18A9 /* AppDelegate.swift */ = {isa = PBXFileReference; lastKnownFileType = sourcecode.swift; path = AppDelegate.swift; sourceTree = "<group>"; };
		4EF57CBD2BDF631500FF18A9 /* SceneDelegate.swift */ = {isa = PBXFileReference; lastKnownFileType = sourcecode.swift; path = SceneDelegate.swift; sourceTree = "<group>"; };
		4EF57CC22BDF631500FF18A9 /* Base */ = {isa = PBXFileReference; lastKnownFileType = file.storyboard; name = Base; path = Base.lproj/Main.storyboard; sourceTree = "<group>"; };
		4EF57CC42BDF631900FF18A9 /* Assets.xcassets */ = {isa = PBXFileReference; lastKnownFileType = folder.assetcatalog; path = Assets.xcassets; sourceTree = "<group>"; };
		4EF57CC72BDF631900FF18A9 /* Base */ = {isa = PBXFileReference; lastKnownFileType = file.storyboard; name = Base; path = Base.lproj/LaunchScreen.storyboard; sourceTree = "<group>"; };
		4EF57CC92BDF631900FF18A9 /* Info.plist */ = {isa = PBXFileReference; lastKnownFileType = text.plist.xml; path = Info.plist; sourceTree = "<group>"; };
		4EF57CCF2BDF63F900FF18A9 /* TabBarViewController.swift */ = {isa = PBXFileReference; lastKnownFileType = sourcecode.swift; path = TabBarViewController.swift; sourceTree = "<group>"; };
		4EF57CD12BDF645100FF18A9 /* BioViewController.swift */ = {isa = PBXFileReference; lastKnownFileType = sourcecode.swift; path = BioViewController.swift; sourceTree = "<group>"; };
		4EF57CD42BDF648C00FF18A9 /* TechSkillsViewController.swift */ = {isa = PBXFileReference; lastKnownFileType = sourcecode.swift; path = TechSkillsViewController.swift; sourceTree = "<group>"; };
		4EF57CD62BDF64A100FF18A9 /* TechSkillsView.swift */ = {isa = PBXFileReference; lastKnownFileType = sourcecode.swift; path = TechSkillsView.swift; sourceTree = "<group>"; };
		4EF57CD92BDF64DF00FF18A9 /* TechSkill.swift */ = {isa = PBXFileReference; lastKnownFileType = sourcecode.swift; path = TechSkill.swift; sourceTree = "<group>"; };
		4EF57CDB2BDF64F400FF18A9 /* SelfPresentationStrings.swift */ = {isa = PBXFileReference; lastKnownFileType = sourcecode.swift; path = SelfPresentationStrings.swift; sourceTree = "<group>"; };
		4EF57CDD2BDF655C00FF18A9 /* HobbyViewController.swift */ = {isa = PBXFileReference; lastKnownFileType = sourcecode.swift; path = HobbyViewController.swift; sourceTree = "<group>"; };
		4EF57CDF2BDF657A00FF18A9 /* HobbyView.swift */ = {isa = PBXFileReference; lastKnownFileType = sourcecode.swift; path = HobbyView.swift; sourceTree = "<group>"; };
		4EF57CE12BDF659500FF18A9 /* HobbySingleView.swift */ = {isa = PBXFileReference; lastKnownFileType = sourcecode.swift; path = HobbySingleView.swift; sourceTree = "<group>"; };
		4EF57CE32BDF65A900FF18A9 /* Hobby.swift */ = {isa = PBXFileReference; lastKnownFileType = sourcecode.swift; path = Hobby.swift; sourceTree = "<group>"; };
		4EF57CE62BDF65F800FF18A9 /* Bio.swift */ = {isa = PBXFileReference; lastKnownFileType = sourcecode.swift; path = Bio.swift; sourceTree = "<group>"; };
/* End PBXFileReference section */

/* Begin PBXFrameworksBuildPhase section */
		4EF57CB52BDF631500FF18A9 /* Frameworks */ = {
			isa = PBXFrameworksBuildPhase;
			buildActionMask = 2147483647;
			files = (
			);
			runOnlyForDeploymentPostprocessing = 0;
		};
/* End PBXFrameworksBuildPhase section */

/* Begin PBXGroup section */
		4E758B2E2BDF90FD00E10CD3 /* Helpers */ = {
			isa = PBXGroup;
			children = (
				4EF57CDB2BDF64F400FF18A9 /* SelfPresentationStrings.swift */,
				4E758B2F2BDF95FD00E10CD3 /* Layout.swift */,
			);
			path = Helpers;
			sourceTree = "<group>";
		};
		4EF57CAF2BDF631500FF18A9 = {
			isa = PBXGroup;
			children = (
				4EF57CBA2BDF631500FF18A9 /* hw3 */,
				4EF57CB92BDF631500FF18A9 /* Products */,
			);
			sourceTree = "<group>";
		};
		4EF57CB92BDF631500FF18A9 /* Products */ = {
			isa = PBXGroup;
			children = (
				4EF57CB82BDF631500FF18A9 /* hw3.app */,
			);
			name = Products;
			sourceTree = "<group>";
		};
		4EF57CBA2BDF631500FF18A9 /* hw3 */ = {
			isa = PBXGroup;
			children = (
				4EF57CBB2BDF631500FF18A9 /* AppDelegate.swift */,
				4EF57CBD2BDF631500FF18A9 /* SceneDelegate.swift */,
				4EF57CCF2BDF63F900FF18A9 /* TabBarViewController.swift */,
				4EF57CD32BDF647200FF18A9 /* BioModule */,
				4EF57CD82BDF64AB00FF18A9 /* TechSkillsModule */,
				4EF57CE52BDF65B500FF18A9 /* HobbyModule */,
				4E758B2E2BDF90FD00E10CD3 /* Helpers */,
				4EF57CC12BDF631500FF18A9 /* Main.storyboard */,
				4EF57CC42BDF631900FF18A9 /* Assets.xcassets */,
				4EF57CC62BDF631900FF18A9 /* LaunchScreen.storyboard */,
				4EF57CC92BDF631900FF18A9 /* Info.plist */,
			);
			path = hw3;
			sourceTree = "<group>";
		};
		4EF57CD32BDF647200FF18A9 /* BioModule */ = {
			isa = PBXGroup;
			children = (
				4EF57CD12BDF645100FF18A9 /* BioViewController.swift */,
				4EF57CE62BDF65F800FF18A9 /* Bio.swift */,
			);
			path = BioModule;
			sourceTree = "<group>";
		};
		4EF57CD82BDF64AB00FF18A9 /* TechSkillsModule */ = {
			isa = PBXGroup;
			children = (
				4EF57CD42BDF648C00FF18A9 /* TechSkillsViewController.swift */,
				4EF57CD62BDF64A100FF18A9 /* TechSkillsView.swift */,
				4EF57CD92BDF64DF00FF18A9 /* TechSkill.swift */,
			);
			path = TechSkillsModule;
			sourceTree = "<group>";
		};
		4EF57CE52BDF65B500FF18A9 /* HobbyModule */ = {
			isa = PBXGroup;
			children = (
				4EF57CDD2BDF655C00FF18A9 /* HobbyViewController.swift */,
				4EF57CDF2BDF657A00FF18A9 /* HobbyView.swift */,
				4EF57CE12BDF659500FF18A9 /* HobbySingleView.swift */,
				4EF57CE32BDF65A900FF18A9 /* Hobby.swift */,
			);
			path = HobbyModule;
			sourceTree = "<group>";
		};
/* End PBXGroup section */

/* Begin PBXNativeTarget section */
		4EF57CB72BDF631500FF18A9 /* hw3 */ = {
			isa = PBXNativeTarget;
			buildConfigurationList = 4EF57CCC2BDF631900FF18A9 /* Build configuration list for PBXNativeTarget "hw3" */;
			buildPhases = (
				4EF57CB42BDF631500FF18A9 /* Sources */,
				4EF57CB52BDF631500FF18A9 /* Frameworks */,
				4EF57CB62BDF631500FF18A9 /* Resources */,
			);
			buildRules = (
			);
			dependencies = (
			);
			name = hw3;
			productName = hw3;
			productReference = 4EF57CB82BDF631500FF18A9 /* hw3.app */;
			productType = "com.apple.product-type.application";
		};
/* End PBXNativeTarget section */

/* Begin PBXProject section */
		4EF57CB02BDF631500FF18A9 /* Project object */ = {
			isa = PBXProject;
			attributes = {
				BuildIndependentTargetsInParallel = 1;
				LastSwiftUpdateCheck = 1500;
				LastUpgradeCheck = 1500;
				TargetAttributes = {
					4EF57CB72BDF631500FF18A9 = {
						CreatedOnToolsVersion = 15.0;
					};
				};
			};
			buildConfigurationList = 4EF57CB32BDF631500FF18A9 /* Build configuration list for PBXProject "hw3" */;
			compatibilityVersion = "Xcode 14.0";
			developmentRegion = en;
			hasScannedForEncodings = 0;
			knownRegions = (
				en,
				Base,
			);
			mainGroup = 4EF57CAF2BDF631500FF18A9;
			productRefGroup = 4EF57CB92BDF631500FF18A9 /* Products */;
			projectDirPath = "";
			projectRoot = "";
			targets = (
				4EF57CB72BDF631500FF18A9 /* hw3 */,
			);
		};
/* End PBXProject section */

/* Begin PBXResourcesBuildPhase section */
		4EF57CB62BDF631500FF18A9 /* Resources */ = {
			isa = PBXResourcesBuildPhase;
			buildActionMask = 2147483647;
			files = (
				4EF57CC82BDF631900FF18A9 /* LaunchScreen.storyboard in Resources */,
				4EF57CC52BDF631900FF18A9 /* Assets.xcassets in Resources */,
				4EF57CC32BDF631500FF18A9 /* Main.storyboard in Resources */,
			);
			runOnlyForDeploymentPostprocessing = 0;
		};
/* End PBXResourcesBuildPhase section */

/* Begin PBXSourcesBuildPhase section */
		4EF57CB42BDF631500FF18A9 /* Sources */ = {
			isa = PBXSourcesBuildPhase;
			buildActionMask = 2147483647;
			files = (
				4EF57CD52BDF648C00FF18A9 /* TechSkillsViewController.swift in Sources */,
				4EF57CE22BDF659500FF18A9 /* HobbySingleView.swift in Sources */,
				4EF57CDC2BDF64F400FF18A9 /* SelfPresentationStrings.swift in Sources */,
				4EF57CD02BDF63F900FF18A9 /* TabBarViewController.swift in Sources */,
				4EF57CE72BDF65F800FF18A9 /* Bio.swift in Sources */,
				4EF57CBC2BDF631500FF18A9 /* AppDelegate.swift in Sources */,
				4EF57CBE2BDF631500FF18A9 /* SceneDelegate.swift in Sources */,
				4EF57CDA2BDF64DF00FF18A9 /* TechSkill.swift in Sources */,
				4EF57CE02BDF657A00FF18A9 /* HobbyView.swift in Sources */,
				4EF57CDE2BDF655C00FF18A9 /* HobbyViewController.swift in Sources */,
				4EF57CD22BDF645100FF18A9 /* BioViewController.swift in Sources */,
				4E758B302BDF95FD00E10CD3 /* Layout.swift in Sources */,
				4EF57CD72BDF64A100FF18A9 /* TechSkillsView.swift in Sources */,
				4EF57CE42BDF65A900FF18A9 /* Hobby.swift in Sources */,
			);
			runOnlyForDeploymentPostprocessing = 0;
		};
/* End PBXSourcesBuildPhase section */

/* Begin PBXVariantGroup section */
		4EF57CC12BDF631500FF18A9 /* Main.storyboard */ = {
			isa = PBXVariantGroup;
			children = (
				4EF57CC22BDF631500FF18A9 /* Base */,
			);
			name = Main.storyboard;
			sourceTree = "<group>";
		};
		4EF57CC62BDF631900FF18A9 /* LaunchScreen.storyboard */ = {
			isa = PBXVariantGroup;
			children = (
				4EF57CC72BDF631900FF18A9 /* Base */,
			);
			name = LaunchScreen.storyboard;
			sourceTree = "<group>";
		};
/* End PBXVariantGroup section */

/* Begin XCBuildConfiguration section */
		4EF57CCA2BDF631900FF18A9 /* Debug */ = {
			isa = XCBuildConfiguration;
			buildSettings = {
				ALWAYS_SEARCH_USER_PATHS = NO;
				ASSETCATALOG_COMPILER_GENERATE_SWIFT_ASSET_SYMBOL_EXTENSIONS = YES;
				CLANG_ANALYZER_NONNULL = YES;
				CLANG_ANALYZER_NUMBER_OBJECT_CONVERSION = YES_AGGRESSIVE;
				CLANG_CXX_LANGUAGE_STANDARD = "gnu++20";
				CLANG_ENABLE_MODULES = YES;
				CLANG_ENABLE_OBJC_ARC = YES;
				CLANG_ENABLE_OBJC_WEAK = YES;
				CLANG_WARN_BLOCK_CAPTURE_AUTORELEASING = YES;
				CLANG_WARN_BOOL_CONVERSION = YES;
				CLANG_WARN_COMMA = YES;
				CLANG_WARN_CONSTANT_CONVERSION = YES;
				CLANG_WARN_DEPRECATED_OBJC_IMPLEMENTATIONS = YES;
				CLANG_WARN_DIRECT_OBJC_ISA_USAGE = YES_ERROR;
				CLANG_WARN_DOCUMENTATION_COMMENTS = YES;
				CLANG_WARN_EMPTY_BODY = YES;
				CLANG_WARN_ENUM_CONVERSION = YES;
				CLANG_WARN_INFINITE_RECURSION = YES;
				CLANG_WARN_INT_CONVERSION = YES;
				CLANG_WARN_NON_LITERAL_NULL_CONVERSION = YES;
				CLANG_WARN_OBJC_IMPLICIT_RETAIN_SELF = YES;
				CLANG_WARN_OBJC_LITERAL_CONVERSION = YES;
				CLANG_WARN_OBJC_ROOT_CLASS = YES_ERROR;
				CLANG_WARN_QUOTED_INCLUDE_IN_FRAMEWORK_HEADER = YES;
				CLANG_WARN_RANGE_LOOP_ANALYSIS = YES;
				CLANG_WARN_STRICT_PROTOTYPES = YES;
				CLANG_WARN_SUSPICIOUS_MOVE = YES;
				CLANG_WARN_UNGUARDED_AVAILABILITY = YES_AGGRESSIVE;
				CLANG_WARN_UNREACHABLE_CODE = YES;
				CLANG_WARN__DUPLICATE_METHOD_MATCH = YES;
				COPY_PHASE_STRIP = NO;
				DEBUG_INFORMATION_FORMAT = dwarf;
				ENABLE_STRICT_OBJC_MSGSEND = YES;
				ENABLE_TESTABILITY = YES;
				ENABLE_USER_SCRIPT_SANDBOXING = YES;
				GCC_C_LANGUAGE_STANDARD = gnu17;
				GCC_DYNAMIC_NO_PIC = NO;
				GCC_NO_COMMON_BLOCKS = YES;
				GCC_OPTIMIZATION_LEVEL = 0;
				GCC_PREPROCESSOR_DEFINITIONS = (
					"DEBUG=1",
					"$(inherited)",
				);
				GCC_WARN_64_TO_32_BIT_CONVERSION = YES;
				GCC_WARN_ABOUT_RETURN_TYPE = YES_ERROR;
				GCC_WARN_UNDECLARED_SELECTOR = YES;
				GCC_WARN_UNINITIALIZED_AUTOS = YES_AGGRESSIVE;
				GCC_WARN_UNUSED_FUNCTION = YES;
				GCC_WARN_UNUSED_VARIABLE = YES;
				IPHONEOS_DEPLOYMENT_TARGET = 17.0;
				LOCALIZATION_PREFERS_STRING_CATALOGS = YES;
				MTL_ENABLE_DEBUG_INFO = INCLUDE_SOURCE;
				MTL_FAST_MATH = YES;
				ONLY_ACTIVE_ARCH = YES;
				SDKROOT = iphoneos;
				SWIFT_ACTIVE_COMPILATION_CONDITIONS = "DEBUG $(inherited)";
				SWIFT_OPTIMIZATION_LEVEL = "-Onone";
			};
			name = Debug;
		};
		4EF57CCB2BDF631900FF18A9 /* Release */ = {
			isa = XCBuildConfiguration;
			buildSettings = {
				ALWAYS_SEARCH_USER_PATHS = NO;
				ASSETCATALOG_COMPILER_GENERATE_SWIFT_ASSET_SYMBOL_EXTENSIONS = YES;
				CLANG_ANALYZER_NONNULL = YES;
				CLANG_ANALYZER_NUMBER_OBJECT_CONVERSION = YES_AGGRESSIVE;
				CLANG_CXX_LANGUAGE_STANDARD = "gnu++20";
				CLANG_ENABLE_MODULES = YES;
				CLANG_ENABLE_OBJC_ARC = YES;
				CLANG_ENABLE_OBJC_WEAK = YES;
				CLANG_WARN_BLOCK_CAPTURE_AUTORELEASING = YES;
				CLANG_WARN_BOOL_CONVERSION = YES;
				CLANG_WARN_COMMA = YES;
				CLANG_WARN_CONSTANT_CONVERSION = YES;
				CLANG_WARN_DEPRECATED_OBJC_IMPLEMENTATIONS = YES;
				CLANG_WARN_DIRECT_OBJC_ISA_USAGE = YES_ERROR;
				CLANG_WARN_DOCUMENTATION_COMMENTS = YES;
				CLANG_WARN_EMPTY_BODY = YES;
				CLANG_WARN_ENUM_CONVERSION = YES;
				CLANG_WARN_INFINITE_RECURSION = YES;
				CLANG_WARN_INT_CONVERSION = YES;
				CLANG_WARN_NON_LITERAL_NULL_CONVERSION = YES;
				CLANG_WARN_OBJC_IMPLICIT_RETAIN_SELF = YES;
				CLANG_WARN_OBJC_LITERAL_CONVERSION = YES;
				CLANG_WARN_OBJC_ROOT_CLASS = YES_ERROR;
				CLANG_WARN_QUOTED_INCLUDE_IN_FRAMEWORK_HEADER = YES;
				CLANG_WARN_RANGE_LOOP_ANALYSIS = YES;
				CLANG_WARN_STRICT_PROTOTYPES = YES;
				CLANG_WARN_SUSPICIOUS_MOVE = YES;
				CLANG_WARN_UNGUARDED_AVAILABILITY = YES_AGGRESSIVE;
				CLANG_WARN_UNREACHABLE_CODE = YES;
				CLANG_WARN__DUPLICATE_METHOD_MATCH = YES;
				COPY_PHASE_STRIP = NO;
				DEBUG_INFORMATION_FORMAT = "dwarf-with-dsym";
				ENABLE_NS_ASSERTIONS = NO;
				ENABLE_STRICT_OBJC_MSGSEND = YES;
				ENABLE_USER_SCRIPT_SANDBOXING = YES;
				GCC_C_LANGUAGE_STANDARD = gnu17;
				GCC_NO_COMMON_BLOCKS = YES;
				GCC_WARN_64_TO_32_BIT_CONVERSION = YES;
				GCC_WARN_ABOUT_RETURN_TYPE = YES_ERROR;
				GCC_WARN_UNDECLARED_SELECTOR = YES;
				GCC_WARN_UNINITIALIZED_AUTOS = YES_AGGRESSIVE;
				GCC_WARN_UNUSED_FUNCTION = YES;
				GCC_WARN_UNUSED_VARIABLE = YES;
				IPHONEOS_DEPLOYMENT_TARGET = 17.0;
				LOCALIZATION_PREFERS_STRING_CATALOGS = YES;
				MTL_ENABLE_DEBUG_INFO = NO;
				MTL_FAST_MATH = YES;
				SDKROOT = iphoneos;
				SWIFT_COMPILATION_MODE = wholemodule;
				VALIDATE_PRODUCT = YES;
			};
			name = Release;
		};
		4EF57CCD2BDF631900FF18A9 /* Debug */ = {
			isa = XCBuildConfiguration;
			buildSettings = {
				ASSETCATALOG_COMPILER_APPICON_NAME = AppIcon;
				ASSETCATALOG_COMPILER_GLOBAL_ACCENT_COLOR_NAME = AccentColor;
				CODE_SIGN_STYLE = Automatic;
				CURRENT_PROJECT_VERSION = 1;
				DEVELOPMENT_TEAM = KA9UYNJBGG;
				GENERATE_INFOPLIST_FILE = YES;
				INFOPLIST_FILE = hw3/Info.plist;
				INFOPLIST_KEY_UIApplicationSupportsIndirectInputEvents = YES;
				INFOPLIST_KEY_UILaunchStoryboardName = LaunchScreen;
				INFOPLIST_KEY_UIMainStoryboardFile = Main;
				INFOPLIST_KEY_UISupportedInterfaceOrientations_iPad = "UIInterfaceOrientationPortrait UIInterfaceOrientationPortraitUpsideDown UIInterfaceOrientationLandscapeLeft UIInterfaceOrientationLandscapeRight";
				INFOPLIST_KEY_UISupportedInterfaceOrientations_iPhone = "UIInterfaceOrientationPortrait UIInterfaceOrientationLandscapeLeft UIInterfaceOrientationLandscapeRight";
				IPHONEOS_DEPLOYMENT_TARGET = 15.0;
				LD_RUNPATH_SEARCH_PATHS = (
					"$(inherited)",
					"@executable_path/Frameworks",
				);
				MARKETING_VERSION = 1.0;
				PRODUCT_BUNDLE_IDENTIFIER = com.hw3.hw3;
				PRODUCT_NAME = "$(TARGET_NAME)";
				SWIFT_EMIT_LOC_STRINGS = YES;
				SWIFT_VERSION = 5.0;
				TARGETED_DEVICE_FAMILY = "1,2";
			};
			name = Debug;
		};
		4EF57CCE2BDF631900FF18A9 /* Release */ = {
			isa = XCBuildConfiguration;
			buildSettings = {
				ASSETCATALOG_COMPILER_APPICON_NAME = AppIcon;
				ASSETCATALOG_COMPILER_GLOBAL_ACCENT_COLOR_NAME = AccentColor;
				CODE_SIGN_STYLE = Automatic;
				CURRENT_PROJECT_VERSION = 1;
				DEVELOPMENT_TEAM = KA9UYNJBGG;
				GENERATE_INFOPLIST_FILE = YES;
				INFOPLIST_FILE = hw3/Info.plist;
				INFOPLIST_KEY_UIApplicationSupportsIndirectInputEvents = YES;
				INFOPLIST_KEY_UILaunchStoryboardName = LaunchScreen;
				INFOPLIST_KEY_UIMainStoryboardFile = Main;
				INFOPLIST_KEY_UISupportedInterfaceOrientations_iPad = "UIInterfaceOrientationPortrait UIInterfaceOrientationPortraitUpsideDown UIInterfaceOrientationLandscapeLeft UIInterfaceOrientationLandscapeRight";
				INFOPLIST_KEY_UISupportedInterfaceOrientations_iPhone = "UIInterfaceOrientationPortrait UIInterfaceOrientationLandscapeLeft UIInterfaceOrientationLandscapeRight";
				IPHONEOS_DEPLOYMENT_TARGET = 15.0;
				LD_RUNPATH_SEARCH_PATHS = (
					"$(inherited)",
					"@executable_path/Frameworks",
				);
				MARKETING_VERSION = 1.0;
				PRODUCT_BUNDLE_IDENTIFIER = com.hw3.hw3;
				PRODUCT_NAME = "$(TARGET_NAME)";
				SWIFT_EMIT_LOC_STRINGS = YES;
				SWIFT_VERSION = 5.0;
				TARGETED_DEVICE_FAMILY = "1,2";
			};
			name = Release;
		};
/* End XCBuildConfiguration section */

/* Begin XCConfigurationList section */
		4EF57CB32BDF631500FF18A9 /* Build configuration list for PBXProject "hw3" */ = {
			isa = XCConfigurationList;
			buildConfigurations = (
				4EF57CCA2BDF631900FF18A9 /* Debug */,
				4EF57CCB2BDF631900FF18A9 /* Release */,
			);
			defaultConfigurationIsVisible = 0;
			defaultConfigurationName = Release;
		};
		4EF57CCC2BDF631900FF18A9 /* Build configuration list for PBXNativeTarget "hw3" */ = {
			isa = XCConfigurationList;
			buildConfigurations = (
				4EF57CCD2BDF631900FF18A9 /* Debug */,
				4EF57CCE2BDF631900FF18A9 /* Release */,
			);
			defaultConfigurationIsVisible = 0;
			defaultConfigurationName = Release;
		};
/* End XCConfigurationList section */
	};
	rootObject = 4EF57CB02BDF631500FF18A9 /* Project object */;
}
